
Microsoft Visual Studio Solution File, Format Version 12.00
# Visual Studio Version 16
VisualStudioVersion = 16.0.30804.86
MinimumVisualStudioVersion = 10.0.40219.1
Project("{FAE04EC0-301F-11D3-BF4B-00C04F79EFBC}") = "RastreamentoApp.Android", "RastreamentoApp.Android\RastreamentoApp.Android.csproj", "{7CF74175-B6BA-4C56-95AF-6127C731E533}"
EndProject
Project("{FAE04EC0-301F-11D3-BF4B-00C04F79EFBC}") = "RastreamentoApp.iOS", "RastreamentoApp.iOS\RastreamentoApp.iOS.csproj", "{273E199D-7284-4B65-81C0-D7532EC70481}"
EndProject
Project("{FAE04EC0-301F-11D3-BF4B-00C04F79EFBC}") = "RastreamentoApp", "RastreamentoApp\RastreamentoApp.csproj", "{E9CA4739-E527-4AB7-9DB7-39E1782B293E}"
EndProject
Global
	GlobalSection(SolutionConfigurationPlatforms) = preSolution
		Debug|Any CPU = Debug|Any CPU
		Debug|iPhone = Debug|iPhone
		Debug|iPhoneSimulator = Debug|iPhoneSimulator
		Release|Any CPU = Release|Any CPU
		Release|iPhone = Release|iPhone
		Release|iPhoneSimulator = Release|iPhoneSimulator
	EndGlobalSection
	GlobalSection(ProjectConfigurationPlatforms) = postSolution
		{7CF74175-B6BA-4C56-95AF-6127C731E533}.Debug|Any CPU.ActiveCfg = Debug|Any CPU
		{7CF74175-B6BA-4C56-95AF-6127C731E533}.Debug|Any CPU.Build.0 = Debug|Any CPU
		{7CF74175-B6BA-4C56-95AF-6127C731E533}.Debug|Any CPU.Deploy.0 = Debug|Any CPU
		{7CF74175-B6BA-4C56-95AF-6127C731E533}.Debug|iPhone.ActiveCfg = Debug|Any CPU
		{7CF74175-B6BA-4C56-95AF-6127C731E533}.Debug|iPhone.Build.0 = Debug|Any CPU
		{7CF74175-B6BA-4C56-95AF-6127C731E533}.Debug|iPhone.Deploy.0 = Debug|Any CPU
		{7CF74175-B6BA-4C56-95AF-6127C731E533}.Debug|iPhoneSimulator.ActiveCfg = Debug|Any CPU
		{7CF74175-B6BA-4C56-95AF-6127C731E533}.Debug|iPhoneSimulator.Build.0 = Debug|Any CPU
		{7CF74175-B6BA-4C56-95AF-6127C731E533}.Debug|iPhoneSimulator.Deploy.0 = Debug|Any CPU
		{7CF74175-B6BA-4C56-95AF-6127C731E533}.Release|Any CPU.ActiveCfg = Release|Any CPU
		{7CF74175-B6BA-4C56-95AF-6127C731E533}.Release|Any CPU.Build.0 = Release|Any CPU
		{7CF74175-B6BA-4C56-95AF-6127C731E533}.Release|Any CPU.Deploy.0 = Release|Any CPU
		{7CF74175-B6BA-4C56-95AF-6127C731E533}.Release|iPhone.ActiveCfg = Release|Any CPU
		{7CF74175-B6BA-4C56-95AF-6127C731E533}.Release|iPhone.Build.0 = Release|Any CPU
		{7CF74175-B6BA-4C56-95AF-6127C731E533}.Release|iPhone.Deploy.0 = Release|Any CPU
		{7CF74175-B6BA-4C56-95AF-6127C731E533}.Release|iPhoneSimulator.ActiveCfg = Release|Any CPU
		{7CF74175-B6BA-4C56-95AF-6127C731E533}.Release|iPhoneSimulator.Build.0 = Release|Any CPU
		{7CF74175-B6BA-4C56-95AF-6127C731E533}.Release|iPhoneSimulator.Deploy.0 = Release|Any CPU
		{273E199D-7284-4B65-81C0-D7532EC70481}.Debug|Any CPU.ActiveCfg = Debug|iPhone
		{273E199D-7284-4B65-81C0-D7532EC70481}.Debug|Any CPU.Build.0 = Debug|iPhone
		{273E199D-7284-4B65-81C0-D7532EC70481}.Debug|Any CPU.Deploy.0 = Debug|iPhone
		{273E199D-7284-4B65-81C0-D7532EC70481}.Debug|iPhone.ActiveCfg = Debug|iPhone
		{273E199D-7284-4B65-81C0-D7532EC70481}.Debug|iPhone.Build.0 = Debug|iPhone
		{273E199D-7284-4B65-81C0-D7532EC70481}.Debug|iPhone.Deploy.0 = Debug|iPhone
		{273E199D-7284-4B65-81C0-D7532EC70481}.Debug|iPhoneSimulator.ActiveCfg = Debug|iPhoneSimulator
		{273E199D-7284-4B65-81C0-D7532EC70481}.Debug|iPhoneSimulator.Build.0 = Debug|iPhoneSimulator
		{273E199D-7284-4B65-81C0-D7532EC70481}.Debug|iPhoneSimulator.Deploy.0 = Debug|iPhoneSimulator
		{273E199D-7284-4B65-81C0-D7532EC70481}.Release|Any CPU.ActiveCfg = Release|iPhoneSimulator
		{273E199D-7284-4B65-81C0-D7532EC70481}.Release|Any CPU.Build.0 = Release|iPhoneSimulator
		{273E199D-7284-4B65-81C0-D7532EC70481}.Release|Any CPU.Deploy.0 = Release|iPhoneSimulator
		{273E199D-7284-4B65-81C0-D7532EC70481}.Release|iPhone.ActiveCfg = Release|iPhone
		{273E199D-7284-4B65-81C0-D7532EC70481}.Release|iPhone.Build.0 = Release|iPhone
		{273E199D-7284-4B65-81C0-D7532EC70481}.Release|iPhone.Deploy.0 = Release|iPhone
		{273E199D-7284-4B65-81C0-D7532EC70481}.Release|iPhoneSimulator.ActiveCfg = Release|iPhoneSimulator
		{273E199D-7284-4B65-81C0-D7532EC70481}.Release|iPhoneSimulator.Build.0 = Release|iPhoneSimulator
		{273E199D-7284-4B65-81C0-D7532EC70481}.Release|iPhoneSimulator.Deploy.0 = Release|iPhoneSimulator
		{E9CA4739-E527-4AB7-9DB7-39E1782B293E}.Debug|Any CPU.ActiveCfg = Debug|Any CPU
		{E9CA4739-E527-4AB7-9DB7-39E1782B293E}.Debug|Any CPU.Build.0 = Debug|Any CPU
		{E9CA4739-E527-4AB7-9DB7-39E1782B293E}.Debug|Any CPU.Deploy.0 = Debug|Any CPU
		{E9CA4739-E527-4AB7-9DB7-39E1782B293E}.Debug|iPhone.ActiveCfg = Debug|Any CPU
		{E9CA4739-E527-4AB7-9DB7-39E1782B293E}.Debug|iPhone.Build.0 = Debug|Any CPU
		{E9CA4739-E527-4AB7-9DB7-39E1782B293E}.Debug|iPhone.Deploy.0 = Debug|Any CPU
		{E9CA4739-E527-4AB7-9DB7-39E1782B293E}.Debug|iPhoneSimulator.ActiveCfg = Debug|Any CPU
		{E9CA4739-E527-4AB7-9DB7-39E1782B293E}.Debug|iPhoneSimulator.Build.0 = Debug|Any CPU
		{E9CA4739-E527-4AB7-9DB7-39E1782B293E}.Debug|iPhoneSimulator.Deploy.0 = Debug|Any CPU
		{E9CA4739-E527-4AB7-9DB7-39E1782B293E}.Release|Any CPU.ActiveCfg = Release|Any CPU
		{E9CA4739-E527-4AB7-9DB7-39E1782B293E}.Release|Any CPU.Build.0 = Release|Any CPU
		{E9CA4739-E527-4AB7-9DB7-39E1782B293E}.Release|Any CPU.Deploy.0 = Release|Any CPU
		{E9CA4739-E527-4AB7-9DB7-39E1782B293E}.Release|iPhone.ActiveCfg = Release|Any CPU
		{E9CA4739-E527-4AB7-9DB7-39E1782B293E}.Release|iPhone.Build.0 = Release|Any CPU
		{E9CA4739-E527-4AB7-9DB7-39E1782B293E}.Release|iPhone.Deploy.0 = Release|Any CPU
		{E9CA4739-E527-4AB7-9DB7-39E1782B293E}.Release|iPhoneSimulator.ActiveCfg = Release|Any CPU
		{E9CA4739-E527-4AB7-9DB7-39E1782B293E}.Release|iPhoneSimulator.Build.0 = Release|Any CPU
		{E9CA4739-E527-4AB7-9DB7-39E1782B293E}.Release|iPhoneSimulator.Deploy.0 = Release|Any CPU
	EndGlobalSection
	GlobalSection(SolutionProperties) = preSolution
		HideSolutionNode = FALSE
	EndGlobalSection
	GlobalSection(ExtensibilityGlobals) = postSolution
		SolutionGuid = {E26C9C0C-2D6A-48EB-A67C-7963CF88D089}
	EndGlobalSection
EndGlobal
